
Microsoft Visual Studio Solution File, Format Version 12.00
# Visual Studio Version 16
VisualStudioVersion = 16.0.31105.61
MinimumVisualStudioVersion = 10.0.40219.1
Project("{FAE04EC0-301F-11D3-BF4B-00C04F79EFBC}") = "HRManaging", "HRManaging\HRManaging.csproj", "{511B883A-9FBA-4322-AA03-2CDC2D5F2CBC}"
EndProject
Global
	GlobalSection(SolutionConfigurationPlatforms) = preSolution
		Debug|Any CPU = Debug|Any CPU
		Release|Any CPU = Release|Any CPU
	EndGlobalSection
	GlobalSection(ProjectConfigurationPlatforms) = postSolution
		{511B883A-9FBA-4322-AA03-2CDC2D5F2CBC}.Debug|Any CPU.ActiveCfg = Debug|Any CPU
		{511B883A-9FBA-4322-AA03-2CDC2D5F2CBC}.Debug|Any CPU.Build.0 = Debug|Any CPU
		{511B883A-9FBA-4322-AA03-2CDC2D5F2CBC}.Release|Any CPU.ActiveCfg = Release|Any CPU
		{511B883A-9FBA-4322-AA03-2CDC2D5F2CBC}.Release|Any CPU.Build.0 = Release|Any CPU
	EndGlobalSection
	GlobalSection(SolutionProperties) = preSolution
		HideSolutionNode = FALSE
	EndGlobalSection
	GlobalSection(ExtensibilityGlobals) = postSolution
		SolutionGuid = {97B82051-BF43-4597-953F-5A42D4B17747}
	EndGlobalSection
EndGlobal
